
Microsoft Visual Studio Solution File, Format Version 12.00
# Visual Studio Version 17
VisualStudioVersion = 17.5.33516.290
MinimumVisualStudioVersion = 10.0.40219.1
Project("{FAE04EC0-301F-11D3-BF4B-00C04F79EFBC}") = "WPF Command MVVM Homework", "WPF Command MVVM Homework\WPF Command MVVM Homework.csproj", "{61CD6CDE-F9E6-4663-8CD7-7074B37F60EE}"
EndProject
Global
	GlobalSection(SolutionConfigurationPlatforms) = preSolution
		Debug|Any CPU = Debug|Any CPU
		Release|Any CPU = Release|Any CPU
	EndGlobalSection
	GlobalSection(ProjectConfigurationPlatforms) = postSolution
		{61CD6CDE-F9E6-4663-8CD7-7074B37F60EE}.Debug|Any CPU.ActiveCfg = Debug|Any CPU
		{61CD6CDE-F9E6-4663-8CD7-7074B37F60EE}.Debug|Any CPU.Build.0 = Debug|Any CPU
		{61CD6CDE-F9E6-4663-8CD7-7074B37F60EE}.Release|Any CPU.ActiveCfg = Release|Any CPU
		{61CD6CDE-F9E6-4663-8CD7-7074B37F60EE}.Release|Any CPU.Build.0 = Release|Any CPU
	EndGlobalSection
	GlobalSection(SolutionProperties) = preSolution
		HideSolutionNode = FALSE
	EndGlobalSection
	GlobalSection(ExtensibilityGlobals) = postSolution
		SolutionGuid = {45C897FD-4B2A-47C0-8DF5-6017C671D642}
	EndGlobalSection
EndGlobal
